
Microsoft Visual Studio Solution File, Format Version 12.00
# Visual Studio Version 17
VisualStudioVersion = 17.1.32228.430
MinimumVisualStudioVersion = 10.0.40219.1
Project("{FAE04EC0-301F-11D3-BF4B-00C04F79EFBC}") = "FileMonitor", "FileMonitor\FileMonitor.csproj", "{04F587AC-326F-4B39-A64E-F07DDDC6763E}"
EndProject
Global
	GlobalSection(SolutionConfigurationPlatforms) = preSolution
		Debug|Any CPU = Debug|Any CPU
		Debug|x64 = Debug|x64
		Debug|x86 = Debug|x86
		Release|Any CPU = Release|Any CPU
		Release|x64 = Release|x64
		Release|x86 = Release|x86
	EndGlobalSection
	GlobalSection(ProjectConfigurationPlatforms) = postSolution
		{04F587AC-326F-4B39-A64E-F07DDDC6763E}.Debug|Any CPU.ActiveCfg = Debug|Any CPU
		{04F587AC-326F-4B39-A64E-F07DDDC6763E}.Debug|Any CPU.Build.0 = Debug|Any CPU
		{04F587AC-326F-4B39-A64E-F07DDDC6763E}.Debug|x64.ActiveCfg = Debug|x64
		{04F587AC-326F-4B39-A64E-F07DDDC6763E}.Debug|x64.Build.0 = Debug|x64
		{04F587AC-326F-4B39-A64E-F07DDDC6763E}.Debug|x86.ActiveCfg = Debug|x86
		{04F587AC-326F-4B39-A64E-F07DDDC6763E}.Debug|x86.Build.0 = Debug|x86
		{04F587AC-326F-4B39-A64E-F07DDDC6763E}.Release|Any CPU.ActiveCfg = Release|Any CPU
		{04F587AC-326F-4B39-A64E-F07DDDC6763E}.Release|Any CPU.Build.0 = Release|Any CPU
		{04F587AC-326F-4B39-A64E-F07DDDC6763E}.Release|x64.ActiveCfg = Release|x64
		{04F587AC-326F-4B39-A64E-F07DDDC6763E}.Release|x64.Build.0 = Release|x64
		{04F587AC-326F-4B39-A64E-F07DDDC6763E}.Release|x86.ActiveCfg = Release|x86
		{04F587AC-326F-4B39-A64E-F07DDDC6763E}.Release|x86.Build.0 = Release|x86
	EndGlobalSection
	GlobalSection(SolutionProperties) = preSolution
		HideSolutionNode = FALSE
	EndGlobalSection
	GlobalSection(ExtensibilityGlobals) = postSolution
		SolutionGuid = {0203D8BB-6664-40C3-BB7D-8979243418C4}
	EndGlobalSection
EndGlobal
